
Microsoft Visual Studio Solution File, Format Version 12.00
# Visual Studio Version 17
VisualStudioVersion = 17.9.34723.18
MinimumVisualStudioVersion = 10.0.40219.1
Project("{FAE04EC0-301F-11D3-BF4B-00C04F79EFBC}") = "NeoConsoleApp", "NeoConsoleApp\NeoConsoleApp.csproj", "{8D965B65-357E-44A2-83F5-A6BC62A6470F}"
EndProject
Global
	GlobalSection(SolutionConfigurationPlatforms) = preSolution
		Debug|Any CPU = Debug|Any CPU
		Release|Any CPU = Release|Any CPU
	EndGlobalSection
	GlobalSection(ProjectConfigurationPlatforms) = postSolution
		{8D965B65-357E-44A2-83F5-A6BC62A6470F}.Debug|Any CPU.ActiveCfg = Debug|Any CPU
		{8D965B65-357E-44A2-83F5-A6BC62A6470F}.Debug|Any CPU.Build.0 = Debug|Any CPU
		{8D965B65-357E-44A2-83F5-A6BC62A6470F}.Release|Any CPU.ActiveCfg = Release|Any CPU
		{8D965B65-357E-44A2-83F5-A6BC62A6470F}.Release|Any CPU.Build.0 = Release|Any CPU
	EndGlobalSection
	GlobalSection(SolutionProperties) = preSolution
		HideSolutionNode = FALSE
	EndGlobalSection
	GlobalSection(ExtensibilityGlobals) = postSolution
		SolutionGuid = {5B1BF9A2-E73A-4037-90B3-C3F848F9DBBB}
	EndGlobalSection
EndGlobal
